
Microsoft Visual Studio Solution File, Format Version 12.00
# Visual Studio 15
VisualStudioVersion = 15.0.26730.16
MinimumVisualStudioVersion = 10.0.40219.1
Project("{FAE04EC0-301F-11D3-BF4B-00C04F79EFBC}") = "WebApplication1", "WebApplication1\WebApplication1.csproj", "{E51238E4-83AD-4903-9C57-AD4192D996C2}"
EndProject
Project("{FAE04EC0-301F-11D3-BF4B-00C04F79EFBC}") = "WindowsFormsApp1", "WindowsFormsApp1\WindowsFormsApp1.csproj", "{65D16E3D-AD89-4B97-9BEB-18521C514F1D}"
EndProject
Global
	GlobalSection(SolutionConfigurationPlatforms) = preSolution
		Debug|Any CPU = Debug|Any CPU
		Release|Any CPU = Release|Any CPU
	EndGlobalSection
	GlobalSection(ProjectConfigurationPlatforms) = postSolution
		{E51238E4-83AD-4903-9C57-AD4192D996C2}.Debug|Any CPU.ActiveCfg = Debug|Any CPU
		{E51238E4-83AD-4903-9C57-AD4192D996C2}.Debug|Any CPU.Build.0 = Debug|Any CPU
		{E51238E4-83AD-4903-9C57-AD4192D996C2}.Release|Any CPU.ActiveCfg = Release|Any CPU
		{E51238E4-83AD-4903-9C57-AD4192D996C2}.Release|Any CPU.Build.0 = Release|Any CPU
		{65D16E3D-AD89-4B97-9BEB-18521C514F1D}.Debug|Any CPU.ActiveCfg = Debug|Any CPU
		{65D16E3D-AD89-4B97-9BEB-18521C514F1D}.Debug|Any CPU.Build.0 = Debug|Any CPU
		{65D16E3D-AD89-4B97-9BEB-18521C514F1D}.Release|Any CPU.ActiveCfg = Release|Any CPU
		{65D16E3D-AD89-4B97-9BEB-18521C514F1D}.Release|Any CPU.Build.0 = Release|Any CPU
	EndGlobalSection
	GlobalSection(SolutionProperties) = preSolution
		HideSolutionNode = FALSE
	EndGlobalSection
	GlobalSection(ExtensibilityGlobals) = postSolution
		SolutionGuid = {B0615315-1AA5-42AF-9C26-273F9D22DE19}
	EndGlobalSection
EndGlobal
